github.com/oarkflow/interpreter v0.0.12 h1:iPCGp2/RDbdQRv+Q5yW8JaCEvXkmcmZkw3UiD7dcRps=
github.com/oarkflow/interpreter v0.0.12/go.mod h1:sCqr8DQOh7zIjAmim7WtVygk79nxmpT0l0b8F5ZUmfI=
github.com/oarkflow/spl v0.0.8 h1:iaaN+CkVnouJ49HFNDNp3GXsRsqfL/aycy/aOLtjMic=
github.com/oarkflow/spl v0.0.8/go.mod h1:af4auQeIB36unk6aDHf0txCvj2TCb2xRmly7faIsqg8=
github.com/oarkflow/template v0.0.3 h1:LTyf6HHwqy5OFJH6N4ECXAbK3Htu6QKcxJuB++2LitM=
github.com/oarkflow/template v0.0.3/go.mod h1:/I+SVVGwFMIPnChSJtdBft1Ufx/s99njvwVXfaMfOaM=
golang.org/x/crypto v0.57.0 h1:3ZVCjf8Ggz7zneR/EHRVx68Ctf+2pmIMP2UFhh9cC6M=
golang.org/x/crypto v0.57.0/go.mod h1:Fdz0i5U6CoizGwLda9DttjSk6qlZo25zYNtR+ycvuZA=
golang.org/x/net v0.59.0 h1:5zfYln+w5XCxwrnMMJPufRgNoXEaGxl0wo5GqPXyues=
golang.org/x/net v0.59.0/go.mod h1:2DA/G1UfVbCpQPeWTmMPGY7Cs2PkBkwu743bVX5PIVg=
golang.org/x/text v0.42.0 h1:JbOZXgfeCPU9gacVtYliJqOhD+zhrEqK4LfdpmlUZqI=
golang.org/x/text v0.42.0/go.mod h1:ojzP1Z+2QtioaF8DTtO8K5q7JWVVYwZKenzujK0Zd0E=
